
Microsoft Visual Studio Solution File, Format Version 12.00
# Visual Studio Version 16
VisualStudioVersion = 16.0.30621.155
MinimumVisualStudioVersion = 10.0.40219.1
Project("{FAE04EC0-301F-11D3-BF4B-00C04F79EFBC}") = "BinanceFutures", "BinanceFutures\BinanceFutures.csproj", "{2C8EA4FD-458B-451D-A16A-5F0E622D12E1}"
EndProject
Project("{FAE04EC0-301F-11D3-BF4B-00C04F79EFBC}") = "PredictionModel", "PredictionModel\PredictionModel.csproj", "{9C25D86F-34C3-4EE0-BE1E-EFD3D0F4CD19}"
EndProject
Global
	GlobalSection(SolutionConfigurationPlatforms) = preSolution
		Debug|Any CPU = Debug|Any CPU
		Release|Any CPU = Release|Any CPU
	EndGlobalSection
	GlobalSection(ProjectConfigurationPlatforms) = postSolution
		{2C8EA4FD-458B-451D-A16A-5F0E622D12E1}.Debug|Any CPU.ActiveCfg = Debug|Any CPU
		{2C8EA4FD-458B-451D-A16A-5F0E622D12E1}.Debug|Any CPU.Build.0 = Debug|Any CPU
		{2C8EA4FD-458B-451D-A16A-5F0E622D12E1}.Release|Any CPU.ActiveCfg = Release|Any CPU
		{2C8EA4FD-458B-451D-A16A-5F0E622D12E1}.Release|Any CPU.Build.0 = Release|Any CPU
		{9C25D86F-34C3-4EE0-BE1E-EFD3D0F4CD19}.Debug|Any CPU.ActiveCfg = Debug|Any CPU
		{9C25D86F-34C3-4EE0-BE1E-EFD3D0F4CD19}.Debug|Any CPU.Build.0 = Debug|Any CPU
		{9C25D86F-34C3-4EE0-BE1E-EFD3D0F4CD19}.Release|Any CPU.ActiveCfg = Release|Any CPU
		{9C25D86F-34C3-4EE0-BE1E-EFD3D0F4CD19}.Release|Any CPU.Build.0 = Release|Any CPU
	EndGlobalSection
	GlobalSection(SolutionProperties) = preSolution
		HideSolutionNode = FALSE
	EndGlobalSection
	GlobalSection(ExtensibilityGlobals) = postSolution
		SolutionGuid = {F254651A-D1DE-4A24-AA27-FAF505994E03}
	EndGlobalSection
EndGlobal
